
Microsoft Visual Studio Solution File, Format Version 12.00
# Visual Studio 15
VisualStudioVersion = 15.0.27428.2015
MinimumVisualStudioVersion = 10.0.40219.1
Project("{FAE04EC0-301F-11D3-BF4B-00C04F79EFBC}") = "PriceCalculator", "PriceCalculator\PriceCalculator.csproj", "{0F1C7ACF-96D0-4E95-A490-644BB9A9B434}"
EndProject
Project("{FAE04EC0-301F-11D3-BF4B-00C04F79EFBC}") = "PriceCalculator.Tests", "PriceCalculator.Tests\PriceCalculator.Tests.csproj", "{7B054526-C5F2-47EB-9059-BA99E931FD22}"
EndProject
Project("{FAE04EC0-301F-11D3-BF4B-00C04F79EFBC}") = "PriceCalculator.Domain", "PriceCalculator.Domain\PriceCalculator.Domain.csproj", "{A9EFE6E5-A407-4512-8A1B-09A3DA94D1C5}"
EndProject
Global
	GlobalSection(SolutionConfigurationPlatforms) = preSolution
		Debug|Any CPU = Debug|Any CPU
		Release|Any CPU = Release|Any CPU
	EndGlobalSection
	GlobalSection(ProjectConfigurationPlatforms) = postSolution
		{0F1C7ACF-96D0-4E95-A490-644BB9A9B434}.Debug|Any CPU.ActiveCfg = Debug|Any CPU
		{0F1C7ACF-96D0-4E95-A490-644BB9A9B434}.Debug|Any CPU.Build.0 = Debug|Any CPU
		{0F1C7ACF-96D0-4E95-A490-644BB9A9B434}.Release|Any CPU.ActiveCfg = Release|Any CPU
		{0F1C7ACF-96D0-4E95-A490-644BB9A9B434}.Release|Any CPU.Build.0 = Release|Any CPU
		{7B054526-C5F2-47EB-9059-BA99E931FD22}.Debug|Any CPU.ActiveCfg = Debug|Any CPU
		{7B054526-C5F2-47EB-9059-BA99E931FD22}.Debug|Any CPU.Build.0 = Debug|Any CPU
		{7B054526-C5F2-47EB-9059-BA99E931FD22}.Release|Any CPU.ActiveCfg = Release|Any CPU
		{7B054526-C5F2-47EB-9059-BA99E931FD22}.Release|Any CPU.Build.0 = Release|Any CPU
		{A9EFE6E5-A407-4512-8A1B-09A3DA94D1C5}.Debug|Any CPU.ActiveCfg = Debug|Any CPU
		{A9EFE6E5-A407-4512-8A1B-09A3DA94D1C5}.Debug|Any CPU.Build.0 = Debug|Any CPU
		{A9EFE6E5-A407-4512-8A1B-09A3DA94D1C5}.Release|Any CPU.ActiveCfg = Release|Any CPU
		{A9EFE6E5-A407-4512-8A1B-09A3DA94D1C5}.Release|Any CPU.Build.0 = Release|Any CPU
	EndGlobalSection
	GlobalSection(SolutionProperties) = preSolution
		HideSolutionNode = FALSE
	EndGlobalSection
	GlobalSection(ExtensibilityGlobals) = postSolution
		SolutionGuid = {E91B1207-BBFA-4FDE-9F30-595BD424F4A6}
	EndGlobalSection
EndGlobal
